version: 5
environments:
  default:
    channels:
    - url: https://conda.anaconda.org/conda-forge/
    indexes:
    - https://pypi.org/simple
    packages:
      osx-arm64:
      - conda: https://conda.anaconda.org/conda-forge/noarch/beartype-0.19.0-pyhd8ed1ab_0.conda
      - conda: https://conda.anaconda.org/conda-forge/osx-arm64/bzip2-1.0.8-h99b78c6_7.conda
      - conda: https://conda.anaconda.org/conda-forge/osx-arm64/ca-certificates-2024.8.30-hf0a4a13_0.conda
      - conda: https://conda.anaconda.org/conda-forge/osx-arm64/cffi-1.17.1-py312h0fad829_0.conda
      - conda: https://conda.anaconda.org/conda-forge/noarch/cfgv-3.3.1-pyhd8ed1ab_0.tar.bz2
      - conda: https://conda.anaconda.org/conda-forge/noarch/distlib-0.3.8-pyhd8ed1ab_0.conda
      - conda: https://conda.anaconda.org/conda-forge/noarch/filelock-3.16.1-pyhd8ed1ab_0.conda
      - conda: https://conda.anaconda.org/conda-forge/noarch/identify-2.6.1-pyhd8ed1ab_0.conda
      - conda: https://conda.anaconda.org/conda-forge/osx-arm64/libblas-3.9.0-24_osxarm64_openblas.conda
      - conda: https://conda.anaconda.org/conda-forge/osx-arm64/libcblas-3.9.0-24_osxarm64_openblas.conda
      - conda: https://conda.anaconda.org/conda-forge/osx-arm64/libcxx-19.1.0-ha82da77_0.conda
      - conda: https://conda.anaconda.org/conda-forge/osx-arm64/libexpat-2.6.3-hf9b8971_0.conda
      - conda: https://conda.anaconda.org/conda-forge/osx-arm64/libffi-3.4.2-h3422bc3_5.tar.bz2
      - conda: https://conda.anaconda.org/conda-forge/osx-arm64/libgfortran-5.0.0-13_2_0_hd922786_3.conda
      - conda: https://conda.anaconda.org/conda-forge/osx-arm64/libgfortran5-13.2.0-hf226fd6_3.conda
      - conda: https://conda.anaconda.org/conda-forge/osx-arm64/liblapack-3.9.0-24_osxarm64_openblas.conda
      - conda: https://conda.anaconda.org/conda-forge/osx-arm64/libopenblas-0.3.27-openmp_h517c56d_1.conda
      - conda: https://conda.anaconda.org/conda-forge/osx-arm64/libsqlite-3.46.1-hc14010f_0.conda
      - conda: https://conda.anaconda.org/conda-forge/osx-arm64/libzlib-1.3.1-hfb2fe0b_1.conda
      - conda: https://conda.anaconda.org/conda-forge/osx-arm64/llvm-openmp-18.1.8-hde57baf_1.conda
      - conda: https://conda.anaconda.org/conda-forge/osx-arm64/ncurses-6.5-h7bae524_1.conda
      - conda: https://conda.anaconda.org/conda-forge/noarch/nodeenv-1.9.1-pyhd8ed1ab_0.conda
      - conda: https://conda.anaconda.org/conda-forge/osx-arm64/numpy-2.1.1-py312h801f5e3_0.conda
      - conda: https://conda.anaconda.org/conda-forge/osx-arm64/openssl-3.3.2-h8359307_0.conda
      - conda: https://conda.anaconda.org/conda-forge/osx-arm64/pandas-2.2.3-py312hcd31e36_1.conda
      - conda: https://conda.anaconda.org/conda-forge/noarch/platformdirs-4.3.6-pyhd8ed1ab_0.conda
      - conda: https://conda.anaconda.org/conda-forge/noarch/pre-commit-3.8.0-pyha770c72_1.conda
      - conda: https://conda.anaconda.org/conda-forge/noarch/pycparser-2.22-pyhd8ed1ab_0.conda
      - conda: https://conda.anaconda.org/conda-forge/osx-arm64/python-3.12.6-h739c21a_1_cpython.conda
      - conda: https://conda.anaconda.org/conda-forge/noarch/python-dateutil-2.9.0-pyhd8ed1ab_0.conda
      - conda: https://conda.anaconda.org/conda-forge/noarch/python-dotenv-1.0.1-pyhd8ed1ab_0.conda
      - conda: https://conda.anaconda.org/conda-forge/noarch/python-tzdata-2024.2-pyhd8ed1ab_0.conda
      - conda: https://conda.anaconda.org/conda-forge/osx-arm64/python_abi-3.12-5_cp312.conda
      - conda: https://conda.anaconda.org/conda-forge/noarch/pytz-2024.1-pyhd8ed1ab_0.conda
      - conda: https://conda.anaconda.org/conda-forge/osx-arm64/pyyaml-6.0.2-py312h024a12e_1.conda
      - conda: https://conda.anaconda.org/conda-forge/osx-arm64/readline-8.2-h92ec313_1.conda
      - conda: https://conda.anaconda.org/conda-forge/osx-arm64/ruff-0.6.8-py312h42f095d_0.conda
      - conda: https://conda.anaconda.org/conda-forge/noarch/setuptools-75.1.0-pyhd8ed1ab_0.conda
      - conda: https://conda.anaconda.org/conda-forge/noarch/six-1.16.0-pyh6c4a22f_0.tar.bz2
      - conda: https://conda.anaconda.org/conda-forge/osx-arm64/tk-8.6.13-h5083fa2_1.conda
      - conda: https://conda.anaconda.org/conda-forge/noarch/tzdata-2024a-h8827d51_1.conda
      - conda: https://conda.anaconda.org/conda-forge/osx-arm64/ukkonen-1.0.1-py312h6142ec9_5.conda
      - conda: https://conda.anaconda.org/conda-forge/noarch/virtualenv-20.26.6-pyhd8ed1ab_0.conda
      - conda: https://conda.anaconda.org/conda-forge/osx-arm64/xz-5.2.6-h57fd34a_0.tar.bz2
      - conda: https://conda.anaconda.org/conda-forge/osx-arm64/yaml-0.2.5-h3422bc3_2.tar.bz2
      - pypi: .
  test:
    channels:
    - url: https://conda.anaconda.org/conda-forge/
    indexes:
    - https://pypi.org/simple
    packages:
      osx-arm64:
      - conda: https://conda.anaconda.org/conda-forge/noarch/beartype-0.19.0-pyhd8ed1ab_0.conda
      - conda: https://conda.anaconda.org/conda-forge/osx-arm64/bzip2-1.0.8-h99b78c6_7.conda
      - conda: https://conda.anaconda.org/conda-forge/osx-arm64/ca-certificates-2024.8.30-hf0a4a13_0.conda
      - conda: https://conda.anaconda.org/conda-forge/osx-arm64/cffi-1.17.1-py312h0fad829_0.conda
      - conda: https://conda.anaconda.org/conda-forge/noarch/cfgv-3.3.1-pyhd8ed1ab_0.tar.bz2
      - conda: https://conda.anaconda.org/conda-forge/noarch/colorama-0.4.6-pyhd8ed1ab_0.tar.bz2
      - conda: https://conda.anaconda.org/conda-forge/noarch/distlib-0.3.8-pyhd8ed1ab_0.conda
      - conda: https://conda.anaconda.org/conda-forge/noarch/exceptiongroup-1.2.2-pyhd8ed1ab_0.conda
      - conda: https://conda.anaconda.org/conda-forge/noarch/filelock-3.16.1-pyhd8ed1ab_0.conda
      - conda: https://conda.anaconda.org/conda-forge/noarch/identify-2.6.1-pyhd8ed1ab_0.conda
      - conda: https://conda.anaconda.org/conda-forge/noarch/iniconfig-2.0.0-pyhd8ed1ab_0.conda
      - conda: https://conda.anaconda.org/conda-forge/osx-arm64/libblas-3.9.0-24_osxarm64_openblas.conda
      - conda: https://conda.anaconda.org/conda-forge/osx-arm64/libcblas-3.9.0-24_osxarm64_openblas.conda
      - conda: https://conda.anaconda.org/conda-forge/osx-arm64/libcxx-19.1.0-ha82da77_0.conda
      - conda: https://conda.anaconda.org/conda-forge/osx-arm64/libexpat-2.6.3-hf9b8971_0.conda
      - conda: https://conda.anaconda.org/conda-forge/osx-arm64/libffi-3.4.2-h3422bc3_5.tar.bz2
      - conda: https://conda.anaconda.org/conda-forge/osx-arm64/libgfortran-5.0.0-13_2_0_hd922786_3.conda
      - conda: https://conda.anaconda.org/conda-forge/osx-arm64/libgfortran5-13.2.0-hf226fd6_3.conda
      - conda: https://conda.anaconda.org/conda-forge/osx-arm64/liblapack-3.9.0-24_osxarm64_openblas.conda
      - conda: https://conda.anaconda.org/conda-forge/osx-arm64/libopenblas-0.3.27-openmp_h517c56d_1.conda
      - conda: https://conda.anaconda.org/conda-forge/osx-arm64/libsqlite-3.46.1-hc14010f_0.conda
      - conda: https://conda.anaconda.org/conda-forge/osx-arm64/libzlib-1.3.1-hfb2fe0b_1.conda
      - conda: https://conda.anaconda.org/conda-forge/osx-arm64/llvm-openmp-18.1.8-hde57baf_1.conda
      - conda: https://conda.anaconda.org/conda-forge/osx-arm64/ncurses-6.5-h7bae524_1.conda
      - conda: https://conda.anaconda.org/conda-forge/noarch/nodeenv-1.9.1-pyhd8ed1ab_0.conda
      - conda: https://conda.anaconda.org/conda-forge/osx-arm64/numpy-2.1.1-py312h801f5e3_0.conda
      - conda: https://conda.anaconda.org/conda-forge/osx-arm64/openssl-3.3.2-h8359307_0.conda
      - conda: https://conda.anaconda.org/conda-forge/noarch/packaging-24.1-pyhd8ed1ab_0.conda
      - conda: https://conda.anaconda.org/conda-forge/osx-arm64/pandas-2.2.3-py312hcd31e36_1.conda
      - conda: https://conda.anaconda.org/conda-forge/noarch/platformdirs-4.3.6-pyhd8ed1ab_0.conda
      - conda: https://conda.anaconda.org/conda-forge/noarch/pluggy-1.5.0-pyhd8ed1ab_0.conda
      - conda: https://conda.anaconda.org/conda-forge/noarch/pre-commit-3.8.0-pyha770c72_1.conda
      - conda: https://conda.anaconda.org/conda-forge/noarch/pycparser-2.22-pyhd8ed1ab_0.conda
      - conda: https://conda.anaconda.org/conda-forge/noarch/pytest-8.3.3-pyhd8ed1ab_0.conda
      - conda: https://conda.anaconda.org/conda-forge/osx-arm64/python-3.12.6-h739c21a_1_cpython.conda
      - conda: https://conda.anaconda.org/conda-forge/noarch/python-dateutil-2.9.0-pyhd8ed1ab_0.conda
      - conda: https://conda.anaconda.org/conda-forge/noarch/python-dotenv-1.0.1-pyhd8ed1ab_0.conda
      - conda: https://conda.anaconda.org/conda-forge/noarch/python-tzdata-2024.2-pyhd8ed1ab_0.conda
      - conda: https://conda.anaconda.org/conda-forge/osx-arm64/python_abi-3.12-5_cp312.conda
      - conda: https://conda.anaconda.org/conda-forge/noarch/pytz-2024.1-pyhd8ed1ab_0.conda
      - conda: https://conda.anaconda.org/conda-forge/osx-arm64/pyyaml-6.0.2-py312h024a12e_1.conda
      - conda: https://conda.anaconda.org/conda-forge/osx-arm64/readline-8.2-h92ec313_1.conda
      - conda: https://conda.anaconda.org/conda-forge/osx-arm64/ruff-0.6.8-py312h42f095d_0.conda
      - conda: https://conda.anaconda.org/conda-forge/noarch/setuptools-75.1.0-pyhd8ed1ab_0.conda
      - conda: https://conda.anaconda.org/conda-forge/noarch/six-1.16.0-pyh6c4a22f_0.tar.bz2
      - conda: https://conda.anaconda.org/conda-forge/osx-arm64/tk-8.6.13-h5083fa2_1.conda
      - conda: https://conda.anaconda.org/conda-forge/noarch/tomli-2.0.1-pyhd8ed1ab_0.tar.bz2
      - conda: https://conda.anaconda.org/conda-forge/noarch/tzdata-2024a-h8827d51_1.conda
      - conda: https://conda.anaconda.org/conda-forge/osx-arm64/ukkonen-1.0.1-py312h6142ec9_5.conda
      - conda: https://conda.anaconda.org/conda-forge/noarch/virtualenv-20.26.6-pyhd8ed1ab_0.conda
      - conda: https://conda.anaconda.org/conda-forge/osx-arm64/xz-5.2.6-h57fd34a_0.tar.bz2
      - conda: https://conda.anaconda.org/conda-forge/osx-arm64/yaml-0.2.5-h3422bc3_2.tar.bz2
      - pypi: .
packages:
- kind: conda
  name: beartype
  version: 0.19.0
  build: pyhd8ed1ab_0
  subdir: noarch
  noarch: python
  url: https://conda.anaconda.org/conda-forge/noarch/beartype-0.19.0-pyhd8ed1ab_0.conda
  sha256: b99118bdb935028cb854e107d8aa007522fb02831be64c27f8c29f616e0cd9c0
  md5: 4d35362664efdc0c9de9b685f94ecae3
  depends:
  - python >=3.8
  license: MIT
  license_family: MIT
  purls:
  - pkg:pypi/beartype?source=hash-mapping
  size: 855068
  timestamp: 1727502610463
- kind: conda
  name: bzip2
  version: 1.0.8
  build: h99b78c6_7
  build_number: 7
  subdir: osx-arm64
  url: https://conda.anaconda.org/conda-forge/osx-arm64/bzip2-1.0.8-h99b78c6_7.conda
  sha256: adfa71f158cbd872a36394c56c3568e6034aa55c623634b37a4836bd036e6b91
  md5: fc6948412dbbbe9a4c9ddbbcfe0a79ab
  depends:
  - __osx >=11.0
  license: bzip2-1.0.6
  license_family: BSD
  purls: []
  size: 122909
  timestamp: 1720974522888
- kind: conda
  name: ca-certificates
  version: 2024.8.30
  build: hf0a4a13_0
  subdir: osx-arm64
  url: https://conda.anaconda.org/conda-forge/osx-arm64/ca-certificates-2024.8.30-hf0a4a13_0.conda
  sha256: 2db1733f4b644575dbbdd7994a8f338e6ef937f5ebdb74acd557e9dda0211709
  md5: 40dec13fd8348dbe303e57be74bd3d35
  license: ISC
  purls: []
  size: 158482
  timestamp: 1725019034582
- kind: conda
  name: cffi
  version: 1.17.1
  build: py312h0fad829_0
  subdir: osx-arm64
  url: https://conda.anaconda.org/conda-forge/osx-arm64/cffi-1.17.1-py312h0fad829_0.conda
  sha256: 8d91a0d01358b5c3f20297c6c536c5d24ccd3e0c2ddd37f9d0593d0f0070226f
  md5: 19a5456f72f505881ba493979777b24e
  depends:
  - __osx >=11.0
  - libffi >=3.4,<4.0a0
  - pycparser
  - python >=3.12,<3.13.0a0
  - python >=3.12,<3.13.0a0 *_cpython
  - python_abi 3.12.* *_cp312
  license: MIT
  license_family: MIT
  purls:
  - pkg:pypi/cffi?source=hash-mapping
  size: 281206
  timestamp: 1725560813378
- kind: conda
  name: cfgv
  version: 3.3.1
  build: pyhd8ed1ab_0
  subdir: noarch
  noarch: python
  url: https://conda.anaconda.org/conda-forge/noarch/cfgv-3.3.1-pyhd8ed1ab_0.tar.bz2
  sha256: fbc03537a27ef756162c49b1d0608bf7ab12fa5e38ceb8563d6f4859e835ac5c
  md5: ebb5f5f7dc4f1a3780ef7ea7738db08c
  depends:
  - python >=3.6.1
  license: MIT
  license_family: MIT
  purls:
  - pkg:pypi/cfgv?source=hash-mapping
  size: 10788
  timestamp: 1629909423398
- kind: conda
  name: colorama
  version: 0.4.6
  build: pyhd8ed1ab_0
  subdir: noarch
  noarch: python
  url: https://conda.anaconda.org/conda-forge/noarch/colorama-0.4.6-pyhd8ed1ab_0.tar.bz2
  sha256: 2c1b2e9755ce3102bca8d69e8f26e4f087ece73f50418186aee7c74bef8e1698
  md5: 3faab06a954c2a04039983f2c4a50d99
  depends:
  - python >=3.7
  license: BSD-3-Clause
  license_family: BSD
  purls:
  - pkg:pypi/colorama?source=hash-mapping
  size: 25170
  timestamp: 1666700778190
- kind: conda
  name: distlib
  version: 0.3.8
  build: pyhd8ed1ab_0
  subdir: noarch
  noarch: python
  url: https://conda.anaconda.org/conda-forge/noarch/distlib-0.3.8-pyhd8ed1ab_0.conda
  sha256: 3ff11acdd5cc2f80227682966916e878e45ced94f59c402efb94911a5774e84e
  md5: db16c66b759a64dc5183d69cc3745a52
  depends:
  - python 2.7|>=3.6
  license: Apache-2.0
  license_family: APACHE
  purls:
  - pkg:pypi/distlib?source=hash-mapping
  size: 274915
  timestamp: 1702383349284
- kind: conda
  name: exceptiongroup
  version: 1.2.2
  build: pyhd8ed1ab_0
  subdir: noarch
  noarch: python
  url: https://conda.anaconda.org/conda-forge/noarch/exceptiongroup-1.2.2-pyhd8ed1ab_0.conda
  sha256: e0edd30c4b7144406bb4da975e6bb97d6bc9c0e999aa4efe66ae108cada5d5b5
  md5: d02ae936e42063ca46af6cdad2dbd1e0
  depends:
  - python >=3.7
  license: MIT and PSF-2.0
  purls:
  - pkg:pypi/exceptiongroup?source=hash-mapping
  size: 20418
  timestamp: 1720869435725
- kind: conda
  name: filelock
  version: 3.16.1
  build: pyhd8ed1ab_0
  subdir: noarch
  noarch: python
  url: https://conda.anaconda.org/conda-forge/noarch/filelock-3.16.1-pyhd8ed1ab_0.conda
  sha256: 1da766da9dba05091af87977922fe60dc7464091a9ccffb3765d403189d39be4
  md5: 916f8ec5dd4128cd5f207a3c4c07b2c6
  depends:
  - python >=3.7
  license: Unlicense
  purls:
  - pkg:pypi/filelock?source=hash-mapping
  size: 17357
  timestamp: 1726613593584
- kind: conda
  name: identify
  version: 2.6.1
  build: pyhd8ed1ab_0
  subdir: noarch
  noarch: python
  url: https://conda.anaconda.org/conda-forge/noarch/identify-2.6.1-pyhd8ed1ab_0.conda
  sha256: dc752392f327e64e32bc3122758b2d8951aec9d6e6aa888463c73d18a10e3c56
  md5: 43f629202f9eec21be5f71171fb5daf8
  depends:
  - python >=3.6
  - ukkonen
  license: MIT
  license_family: MIT
  purls:
  - pkg:pypi/identify?source=hash-mapping
  size: 78078
  timestamp: 1726369674008
- kind: conda
  name: iniconfig
  version: 2.0.0
  build: pyhd8ed1ab_0
  subdir: noarch
  noarch: python
  url: https://conda.anaconda.org/conda-forge/noarch/iniconfig-2.0.0-pyhd8ed1ab_0.conda
  sha256: 38740c939b668b36a50ef455b077e8015b8c9cf89860d421b3fff86048f49666
  md5: f800d2da156d08e289b14e87e43c1ae5
  depends:
  - python >=3.7
  license: MIT
  license_family: MIT
  purls:
  - pkg:pypi/iniconfig?source=hash-mapping
  size: 11101
  timestamp: 1673103208955
- kind: conda
  name: libblas
  version: 3.9.0
  build: 24_osxarm64_openblas
  build_number: 24
  subdir: osx-arm64
  url: https://conda.anaconda.org/conda-forge/osx-arm64/libblas-3.9.0-24_osxarm64_openblas.conda
  sha256: 4739f7463efb12e6d71536d8b0285a8de5aaadcc442bfedb9d92d1b4cbc47847
  md5: 35cb711e7bc46ee5f3dd67af99ad1986
  depends:
  - libopenblas >=0.3.27,<0.3.28.0a0
  - libopenblas >=0.3.27,<1.0a0
  constrains:
  - liblapack 3.9.0 24_osxarm64_openblas
  - blas * openblas
  - liblapacke 3.9.0 24_osxarm64_openblas
  - libcblas 3.9.0 24_osxarm64_openblas
  license: BSD-3-Clause
  license_family: BSD
  purls: []
  size: 15144
  timestamp: 1726668802976
- kind: conda
  name: libcblas
  version: 3.9.0
  build: 24_osxarm64_openblas
  build_number: 24
  subdir: osx-arm64
  url: https://conda.anaconda.org/conda-forge/osx-arm64/libcblas-3.9.0-24_osxarm64_openblas.conda
  sha256: 40dc3f7c44af5cd5a2020386cb30f92943a9d8f7f54321b4d6ae32b2e54af9a4
  md5: c8977086a19233153e454bb2b332a920
  depends:
  - libblas 3.9.0 24_osxarm64_openblas
  constrains:
  - liblapack 3.9.0 24_osxarm64_openblas
  - blas * openblas
  - liblapacke 3.9.0 24_osxarm64_openblas
  license: BSD-3-Clause
  license_family: BSD
  purls: []
  size: 15062
  timestamp: 1726668809379
- kind: conda
  name: libcxx
  version: 19.1.0
  build: ha82da77_0
  subdir: osx-arm64
  url: https://conda.anaconda.org/conda-forge/osx-arm64/libcxx-19.1.0-ha82da77_0.conda
  sha256: b71167d9b7c8e598b12bbdafefd0139e3c70c6eb258cbda3de3fb422d0098025
  md5: a4c66c0d5b0f268fd27a956145004d27
  depends:
  - __osx >=11.0
  license: Apache-2.0 WITH LLVM-exception
  license_family: Apache
  purls: []
  size: 520766
  timestamp: 1726782571130
- kind: conda
  name: libexpat
  version: 2.6.3
  build: hf9b8971_0
  subdir: osx-arm64
  url: https://conda.anaconda.org/conda-forge/osx-arm64/libexpat-2.6.3-hf9b8971_0.conda
  sha256: 5cbe5a199fba14ade55457a468ce663aac0b54832c39aa54470b3889b4c75c4a
  md5: 5f22f07c2ab2dea8c66fe9585a062c96
  depends:
  - __osx >=11.0
  constrains:
  - expat 2.6.3.*
  license: MIT
  license_family: MIT
  purls: []
  size: 63895
  timestamp: 1725568783033
- kind: conda
  name: libffi
  version: 3.4.2
  build: h3422bc3_5
  build_number: 5
  subdir: osx-arm64
  url: https://conda.anaconda.org/conda-forge/osx-arm64/libffi-3.4.2-h3422bc3_5.tar.bz2
  sha256: 41b3d13efb775e340e4dba549ab5c029611ea6918703096b2eaa9c015c0750ca
  md5: 086914b672be056eb70fd4285b6783b6
  license: MIT
  license_family: MIT
  purls: []
  size: 39020
  timestamp: 1636488587153
- kind: conda
  name: libgfortran
  version: 5.0.0
  build: 13_2_0_hd922786_3
  build_number: 3
  subdir: osx-arm64
  url: https://conda.anaconda.org/conda-forge/osx-arm64/libgfortran-5.0.0-13_2_0_hd922786_3.conda
  sha256: 44e541b4821c96b28b27fef5630883a60ce4fee91fd9c79f25a199f8f73f337b
  md5: 4a55d9e169114b2b90d3ec4604cd7bbf
  depends:
  - libgfortran5 13.2.0 hf226fd6_3
  license: GPL-3.0-only WITH GCC-exception-3.1
  license_family: GPL
  purls: []
  size: 110233
  timestamp: 1707330749033
- kind: conda
  name: libgfortran5
  version: 13.2.0
  build: hf226fd6_3
  build_number: 3
  subdir: osx-arm64
  url: https://conda.anaconda.org/conda-forge/osx-arm64/libgfortran5-13.2.0-hf226fd6_3.conda
  sha256: bafc679eedb468a86aa4636061c55966186399ee0a04b605920d208d97ac579a
  md5: 66ac81d54e95c534ae488726c1f698ea
  depends:
  - llvm-openmp >=8.0.0
  constrains:
  - libgfortran 5.0.0 13_2_0_*_3
  license: GPL-3.0-only WITH GCC-exception-3.1
  license_family: GPL
  purls: []
  size: 997381
  timestamp: 1707330687590
- kind: conda
  name: liblapack
  version: 3.9.0
  build: 24_osxarm64_openblas
  build_number: 24
  subdir: osx-arm64
  url: https://conda.anaconda.org/conda-forge/osx-arm64/liblapack-3.9.0-24_osxarm64_openblas.conda
  sha256: 67fbfd0466eee443cda9596ed22daabedc96b7b4d1b31f49b1c1b0983dd1dd2c
  md5: 49a3241f76cdbe705e346204a328f66c
  depends:
  - libblas 3.9.0 24_osxarm64_openblas
  constrains:
  - blas * openblas
  - liblapacke 3.9.0 24_osxarm64_openblas
  - libcblas 3.9.0 24_osxarm64_openblas
  license: BSD-3-Clause
  license_family: BSD
  purls: []
  size: 15063
  timestamp: 1726668815824
- kind: conda
  name: libopenblas
  version: 0.3.27
  build: openmp_h517c56d_1
  build_number: 1
  subdir: osx-arm64
  url: https://conda.anaconda.org/conda-forge/osx-arm64/libopenblas-0.3.27-openmp_h517c56d_1.conda
  sha256: 46cfcc592b5255262f567cd098be3c61da6bca6c24d640e878dc8342b0f6d069
  md5: 71b8a34d70aa567a990162f327e81505
  depends:
  - __osx >=11.0
  - libgfortran 5.*
  - libgfortran5 >=12.3.0
  - llvm-openmp >=16.0.6
  constrains:
  - openblas >=0.3.27,<0.3.28.0a0
  license: BSD-3-Clause
  license_family: BSD
  purls: []
  size: 2925328
  timestamp: 1720425811743
- kind: conda
  name: libsqlite
  version: 3.46.1
  build: hc14010f_0
  subdir: osx-arm64
  url: https://conda.anaconda.org/conda-forge/osx-arm64/libsqlite-3.46.1-hc14010f_0.conda
  sha256: 3725f962f490c5d44dae326d5f5b2e3c97f71a6322d914ccc85b5ddc2e50d120
  md5: 58050ec1724e58668d0126a1615553fa
  depends:
  - __osx >=11.0
  - libzlib >=1.3.1,<2.0a0
  license: Unlicense
  purls: []
  size: 829500
  timestamp: 1725353720793
- kind: conda
  name: libzlib
  version: 1.3.1
  build: hfb2fe0b_1
  build_number: 1
  subdir: osx-arm64
  url: https://conda.anaconda.org/conda-forge/osx-arm64/libzlib-1.3.1-hfb2fe0b_1.conda
  sha256: c34365dd37b0eab27b9693af32a1f7f284955517c2cc91f1b88a7ef4738ff03e
  md5: 636077128927cf79fd933276dc3aed47
  depends:
  - __osx >=11.0
  constrains:
  - zlib 1.3.1 *_1
  license: Zlib
  license_family: Other
  purls: []
  size: 46921
  timestamp: 1716874262512
- kind: conda
  name: llvm-openmp
  version: 18.1.8
  build: hde57baf_1
  build_number: 1
  subdir: osx-arm64
  url: https://conda.anaconda.org/conda-forge/osx-arm64/llvm-openmp-18.1.8-hde57baf_1.conda
  sha256: 7a76e2932ac77e6314bfa1c4ff83f617c8260313bfed1b8401b508ed3e9d70ba
  md5: fe89757e3cd14bb1c6ebd68dac591363
  depends:
  - __osx >=11.0
  constrains:
  - openmp 18.1.8|18.1.8.*
  license: Apache-2.0 WITH LLVM-exception
  license_family: APACHE
  purls: []
  size: 276263
  timestamp: 1723605341828
- kind: conda
  name: ncurses
  version: '6.5'
  build: h7bae524_1
  build_number: 1
  subdir: osx-arm64
  url: https://conda.anaconda.org/conda-forge/osx-arm64/ncurses-6.5-h7bae524_1.conda
  sha256: 27d0b9ff78ad46e1f3a6c96c479ab44beda5f96def88e2fe626e0a49429d8afc
  md5: cb2b0ea909b97b3d70cd3921d1445e1a
  depends:
  - __osx >=11.0
  license: X11 AND BSD-3-Clause
  purls: []
  size: 802321
  timestamp: 1724658775723
- kind: conda
  name: nodeenv
  version: 1.9.1
  build: pyhd8ed1ab_0
  subdir: noarch
  noarch: python
  url: https://conda.anaconda.org/conda-forge/noarch/nodeenv-1.9.1-pyhd8ed1ab_0.conda
  sha256: 85ee07342ab055dc081f3de8292c5e7195e43e046db9c5750f242f928f6bb8f2
  md5: dfe0528d0f1c16c1f7c528ea5536ab30
  depends:
  - python 2.7|>=3.7
  - setuptools
  license: BSD-3-Clause
  license_family: BSD
  purls:
  - pkg:pypi/nodeenv?source=hash-mapping
  size: 34489
  timestamp: 1717585382642
- kind: conda
  name: numpy
  version: 2.1.1
  build: py312h801f5e3_0
  subdir: osx-arm64
  url: https://conda.anaconda.org/conda-forge/osx-arm64/numpy-2.1.1-py312h801f5e3_0.conda
  sha256: 96cd8d3c9c42d4d6d32b69d4ca11a79a7c6c0a5966089bf75fb29247320b8593
  md5: e42439edb298e477ca6d2643156cb9c4
  depends:
  - __osx >=11.0
  - libblas >=3.9.0,<4.0a0
  - libcblas >=3.9.0,<4.0a0
  - libcxx >=17
  - liblapack >=3.9.0,<4.0a0
  - python >=3.12,<3.13.0a0
  - python >=3.12,<3.13.0a0 *_cpython
  - python_abi 3.12.* *_cp312
  constrains:
  - numpy-base <0a0
  license: BSD-3-Clause
  license_family: BSD
  purls:
  - pkg:pypi/numpy?source=hash-mapping
  size: 6445118
  timestamp: 1725412326580
- kind: conda
  name: openssl
  version: 3.3.2
  build: h8359307_0
  subdir: osx-arm64
  url: https://conda.anaconda.org/conda-forge/osx-arm64/openssl-3.3.2-h8359307_0.conda
  sha256: 940fa01c4dc6152158fe8943e05e55a1544cab639df0994e3b35937839e4f4d1
  md5: 1773ebccdc13ec603356e8ff1db9e958
  depends:
  - __osx >=11.0
  - ca-certificates
  license: Apache-2.0
  license_family: Apache
  purls: []
  size: 2882450
  timestamp: 1725410638874
- kind: pypi
  name: package-name
  version: 0.1.0
  path: .
  sha256: 1bd0819c3904318a002168774b2855112c2c5af4e907cdd1ccaa9dd6552ce228
  requires_dist:
  - pytest ; extra == 'test'
  requires_python: '>=3.11'
  editable: true
- kind: conda
  name: packaging
  version: '24.1'
  build: pyhd8ed1ab_0
  subdir: noarch
  noarch: python
  url: https://conda.anaconda.org/conda-forge/noarch/packaging-24.1-pyhd8ed1ab_0.conda
  sha256: 36aca948219e2c9fdd6d80728bcc657519e02f06c2703d8db3446aec67f51d81
  md5: cbe1bb1f21567018ce595d9c2be0f0db
  depends:
  - python >=3.8
  license: Apache-2.0
  license_family: APACHE
  purls:
  - pkg:pypi/packaging?source=hash-mapping
  size: 50290
  timestamp: 1718189540074
- kind: conda
  name: pandas
  version: 2.2.3
  build: py312hcd31e36_1
  build_number: 1
  subdir: osx-arm64
  url: https://conda.anaconda.org/conda-forge/osx-arm64/pandas-2.2.3-py312hcd31e36_1.conda
  sha256: ff0cb54b5d058c7987b4a0984066e893642d1865a7bb695294b6172e2fcdc457
  md5: c68bfa69e6086c381c74e16fd72613a8
  depends:
  - __osx >=11.0
  - libcxx >=17
  - numpy >=1.19,<3
  - numpy >=1.22.4
  - python >=3.12,<3.13.0a0
  - python >=3.12,<3.13.0a0 *_cpython
  - python-dateutil >=2.8.1
  - python-tzdata >=2022a
  - python_abi 3.12.* *_cp312
  - pytz >=2020.1,<2024.2
  license: BSD-3-Clause
  license_family: BSD
  purls:
  - pkg:pypi/pandas?source=hash-mapping
  size: 14470437
  timestamp: 1726878887799
- kind: conda
  name: platformdirs
  version: 4.3.6
  build: pyhd8ed1ab_0
  subdir: noarch
  noarch: python
  url: https://conda.anaconda.org/conda-forge/noarch/platformdirs-4.3.6-pyhd8ed1ab_0.conda
  sha256: c81bdeadc4adcda216b2c7b373f0335f5c78cc480d1d55d10f21823590d7e46f
  md5: fd8f2b18b65bbf62e8f653100690c8d2
  depends:
  - python >=3.8
  license: MIT
  license_family: MIT
  purls:
  - pkg:pypi/platformdirs?source=hash-mapping
  size: 20625
  timestamp: 1726613611845
- kind: conda
  name: pluggy
  version: 1.5.0
  build: pyhd8ed1ab_0
  subdir: noarch
  noarch: python
  url: https://conda.anaconda.org/conda-forge/noarch/pluggy-1.5.0-pyhd8ed1ab_0.conda
  sha256: 33eaa3359948a260ebccf9cdc2fd862cea5a6029783289e13602d8e634cd9a26
  md5: d3483c8fc2dc2cc3f5cf43e26d60cabf
  depends:
  - python >=3.8
  license: MIT
  license_family: MIT
  purls:
  - pkg:pypi/pluggy?source=hash-mapping
  size: 23815
  timestamp: 1713667175451
- kind: conda
  name: pre-commit
  version: 3.8.0
  build: pyha770c72_1
  build_number: 1
  subdir: noarch
  noarch: python
  url: https://conda.anaconda.org/conda-forge/noarch/pre-commit-3.8.0-pyha770c72_1.conda
  sha256: c2b964c86b2cd00e494093d751b1f8697b3c4bf924ff70648387af161444cc82
  md5: 004cff3a7f6fafb0a041fb575de85185
  depends:
  - cfgv >=2.0.0
  - identify >=1.0.0
  - nodeenv >=0.11.1
  - python >=3.9
  - pyyaml >=5.1
  - virtualenv >=20.10.0
  license: MIT
  license_family: MIT
  purls:
  - pkg:pypi/pre-commit?source=hash-mapping
  size: 180526
  timestamp: 1725795837882
- kind: conda
  name: pycparser
  version: '2.22'
  build: pyhd8ed1ab_0
  subdir: noarch
  noarch: python
  url: https://conda.anaconda.org/conda-forge/noarch/pycparser-2.22-pyhd8ed1ab_0.conda
  sha256: 406001ebf017688b1a1554b49127ca3a4ac4626ec0fd51dc75ffa4415b720b64
  md5: 844d9eb3b43095b031874477f7d70088
  depends:
  - python >=3.8
  license: BSD-3-Clause
  license_family: BSD
  purls:
  - pkg:pypi/pycparser?source=hash-mapping
  size: 105098
  timestamp: 1711811634025
- kind: conda
  name: pytest
  version: 8.3.3
  build: pyhd8ed1ab_0
  subdir: noarch
  noarch: python
  url: https://conda.anaconda.org/conda-forge/noarch/pytest-8.3.3-pyhd8ed1ab_0.conda
  sha256: e99376d0068455712109d233f5790458ff861aeceb458bfda74e353338e4d815
  md5: c03d61f31f38fdb9facf70c29958bf7a
  depends:
  - colorama
  - exceptiongroup >=1.0.0rc8
  - iniconfig
  - packaging
  - pluggy <2,>=1.5
  - python >=3.8
  - tomli >=1
  constrains:
  - pytest-faulthandler >=2
  license: MIT
  license_family: MIT
  purls:
  - pkg:pypi/pytest?source=hash-mapping
  size: 258293
  timestamp: 1725977334143
- kind: conda
  name: python
  version: 3.12.6
  build: h739c21a_1_cpython
  build_number: 1
  subdir: osx-arm64
  url: https://conda.anaconda.org/conda-forge/osx-arm64/python-3.12.6-h739c21a_1_cpython.conda
  sha256: 99e0b806062b2a4be3016d9a6d253d85e25b5f9ee6bebe442dec6fd6759288f3
  md5: 5beefd0212cdea661f999f0ec29a2e3a
  depends:
  - __osx >=11.0
  - bzip2 >=1.0.8,<2.0a0
  - libexpat >=2.6.3,<3.0a0
  - libffi >=3.4,<4.0a0
  - libsqlite >=3.46.1,<4.0a0
  - libzlib >=1.3.1,<2.0a0
  - ncurses >=6.5,<7.0a0
  - openssl >=3.3.2,<4.0a0
  - readline >=8.2,<9.0a0
  - tk >=8.6.13,<8.7.0a0
  - tzdata
  - xz >=5.2.6,<6.0a0
  constrains:
  - python_abi 3.12.* *_cp312
  license: Python-2.0
  purls: []
  size: 12852860
  timestamp: 1727014294263
- kind: conda
  name: python-dateutil
  version: 2.9.0
  build: pyhd8ed1ab_0
  subdir: noarch
  noarch: python
  url: https://conda.anaconda.org/conda-forge/noarch/python-dateutil-2.9.0-pyhd8ed1ab_0.conda
  sha256: f3ceef02ac164a8d3a080d0d32f8e2ebe10dd29e3a685d240e38b3599e146320
  md5: 2cf4264fffb9e6eff6031c5b6884d61c
  depends:
  - python >=3.7
  - six >=1.5
  license: Apache-2.0
  license_family: APACHE
  purls:
  - pkg:pypi/python-dateutil?source=hash-mapping
  size: 222742
  timestamp: 1709299922152
- kind: conda
  name: python-dotenv
  version: 1.0.1
  build: pyhd8ed1ab_0
  subdir: noarch
  noarch: python
  url: https://conda.anaconda.org/conda-forge/noarch/python-dotenv-1.0.1-pyhd8ed1ab_0.conda
  sha256: 2d4c80364f03315d606a50eddd493dbacc078e21412c2462c0f781eec49b572c
  md5: c2997ea9360ac4e015658804a7a84f94
  depends:
  - python >=3.8
  license: BSD-3-Clause
  license_family: BSD
  purls:
  - pkg:pypi/python-dotenv?source=hash-mapping
  size: 24278
  timestamp: 1706018281544
- kind: conda
  name: python-tzdata
  version: '2024.2'
  build: pyhd8ed1ab_0
  subdir: noarch
  noarch: python
  url: https://conda.anaconda.org/conda-forge/noarch/python-tzdata-2024.2-pyhd8ed1ab_0.conda
  sha256: fe3f62ce2bc714bdaa222ab3f0344a2815ad9e853c6df38d15c9f25de8a3a6d4
  md5: 986287f89929b2d629bd6ef6497dc307
  depends:
  - python >=3.6
  license: Apache-2.0
  license_family: APACHE
  purls:
  - pkg:pypi/tzdata?source=hash-mapping
  size: 142527
  timestamp: 1727140688093
- kind: conda
  name: python_abi
  version: '3.12'
  build: 5_cp312
  build_number: 5
  subdir: osx-arm64
  url: https://conda.anaconda.org/conda-forge/osx-arm64/python_abi-3.12-5_cp312.conda
  sha256: 49d624e4b809c799d2bf257b22c23cf3fc4460f5570d9a58e7ad86350aeaa1f4
  md5: b76f9b1c862128e56ac7aa8cd2333de9
  constrains:
  - python 3.12.* *_cpython
  license: BSD-3-Clause
  license_family: BSD
  purls: []
  size: 6278
  timestamp: 1723823099686
- kind: conda
  name: pytz
  version: '2024.1'
  build: pyhd8ed1ab_0
  subdir: noarch
  noarch: python
  url: https://conda.anaconda.org/conda-forge/noarch/pytz-2024.1-pyhd8ed1ab_0.conda
  sha256: 1a7d6b233f7e6e3bbcbad054c8fd51e690a67b129a899a056a5e45dd9f00cb41
  md5: 3eeeeb9e4827ace8c0c1419c85d590ad
  depends:
  - python >=3.7
  license: MIT
  license_family: MIT
  purls:
  - pkg:pypi/pytz?source=hash-mapping
  size: 188538
  timestamp: 1706886944988
- kind: conda
  name: pyyaml
  version: 6.0.2
  build: py312h024a12e_1
  build_number: 1
  subdir: osx-arm64
  url: https://conda.anaconda.org/conda-forge/osx-arm64/pyyaml-6.0.2-py312h024a12e_1.conda
  sha256: b06f1c15fb39695bbf707ae8fb554b9a77519af577b5556784534c7db10b52e3
  md5: 1ee23620cf46cb15900f70a1300bae55
  depends:
  - __osx >=11.0
  - python >=3.12,<3.13.0a0
  - python >=3.12,<3.13.0a0 *_cpython
  - python_abi 3.12.* *_cp312
  - yaml >=0.2.5,<0.3.0a0
  license: MIT
  license_family: MIT
  purls:
  - pkg:pypi/pyyaml?source=hash-mapping
  size: 187143
  timestamp: 1725456547263
- kind: conda
  name: readline
  version: '8.2'
  build: h92ec313_1
  build_number: 1
  subdir: osx-arm64
  url: https://conda.anaconda.org/conda-forge/osx-arm64/readline-8.2-h92ec313_1.conda
  sha256: a1dfa679ac3f6007362386576a704ad2d0d7a02e98f5d0b115f207a2da63e884
  md5: 8cbb776a2f641b943d413b3e19df71f4
  depends:
  - ncurses >=6.3,<7.0a0
  license: GPL-3.0-only
  license_family: GPL
  purls: []
  size: 250351
  timestamp: 1679532511311
- kind: conda
  name: ruff
  version: 0.6.8
  build: py312h42f095d_0
  subdir: osx-arm64
  url: https://conda.anaconda.org/conda-forge/osx-arm64/ruff-0.6.8-py312h42f095d_0.conda
  sha256: 9213f51d22d30debcee2d86c56f416d24402e989d5acc8aeefbe36ed8d674332
  md5: 609ab65bbb1622c933298f90a16b3d6c
  depends:
  - __osx >=11.0
  - libcxx >=17
  - python >=3.12,<3.13.0a0
  - python >=3.12,<3.13.0a0 *_cpython
  - python_abi 3.12.* *_cp312
  constrains:
  - __osx >=11.0
  license: MIT
  license_family: MIT
  purls:
  - pkg:pypi/ruff?source=hash-mapping
  size: 6335176
  timestamp: 1727405062904
- kind: conda
  name: setuptools
  version: 75.1.0
  build: pyhd8ed1ab_0
  subdir: noarch
  noarch: python
  url: https://conda.anaconda.org/conda-forge/noarch/setuptools-75.1.0-pyhd8ed1ab_0.conda
  sha256: 6725235722095c547edd24275053c615158d6163f396550840aebd6e209e4738
  md5: d5cd48392c67fb6849ba459c2c2b671f
  depends:
  - python >=3.8
  license: MIT
  license_family: MIT
  purls:
  - pkg:pypi/setuptools?source=hash-mapping
  size: 777462
  timestamp: 1727249510532
- kind: conda
  name: six
  version: 1.16.0
  build: pyh6c4a22f_0
  subdir: noarch
  noarch: python
  url: https://conda.anaconda.org/conda-forge/noarch/six-1.16.0-pyh6c4a22f_0.tar.bz2
  sha256: a85c38227b446f42c5b90d9b642f2c0567880c15d72492d8da074a59c8f91dd6
  md5: e5f25f8dbc060e9a8d912e432202afc2
  depends:
  - python
  license: MIT
  license_family: MIT
  purls:
  - pkg:pypi/six?source=hash-mapping
  size: 14259
  timestamp: 1620240338595
- kind: conda
  name: tk
  version: 8.6.13
  build: h5083fa2_1
  build_number: 1
  subdir: osx-arm64
  url: https://conda.anaconda.org/conda-forge/osx-arm64/tk-8.6.13-h5083fa2_1.conda
  sha256: 72457ad031b4c048e5891f3f6cb27a53cb479db68a52d965f796910e71a403a8
  md5: b50a57ba89c32b62428b71a875291c9b
  depends:
  - libzlib >=1.2.13,<2.0.0a0
  license: TCL
  license_family: BSD
  purls: []
  size: 3145523
  timestamp: 1699202432999
- kind: conda
  name: tomli
  version: 2.0.1
  build: pyhd8ed1ab_0
  subdir: noarch
  noarch: python
  url: https://conda.anaconda.org/conda-forge/noarch/tomli-2.0.1-pyhd8ed1ab_0.tar.bz2
  sha256: 4cd48aba7cd026d17e86886af48d0d2ebc67ed36f87f6534f4b67138f5a5a58f
  md5: 5844808ffab9ebdb694585b50ba02a96
  depends:
  - python >=3.7
  license: MIT
  license_family: MIT
  purls:
  - pkg:pypi/tomli?source=hash-mapping
  size: 15940
  timestamp: 1644342331069
- kind: conda
  name: tzdata
  version: 2024a
  build: h8827d51_1
  build_number: 1
  subdir: noarch
  noarch: generic
  url: https://conda.anaconda.org/conda-forge/noarch/tzdata-2024a-h8827d51_1.conda
  sha256: 7d21c95f61319dba9209ca17d1935e6128af4235a67ee4e57a00908a1450081e
  md5: 8bfdead4e0fff0383ae4c9c50d0531bd
  license: LicenseRef-Public-Domain
  purls: []
  size: 124164
  timestamp: 1724736371498
- kind: conda
  name: ukkonen
  version: 1.0.1
  build: py312h6142ec9_5
  build_number: 5
  subdir: osx-arm64
  url: https://conda.anaconda.org/conda-forge/osx-arm64/ukkonen-1.0.1-py312h6142ec9_5.conda
  sha256: 1e4452b4a12d8a69c237f14b876fbf0cdc456914170b49ba805779c749c31eca
  md5: 2b485a809d1572cbe7f0ad9ee107e4b0
  depends:
  - __osx >=11.0
  - cffi
  - libcxx >=17
  - python >=3.12,<3.13.0a0
  - python >=3.12,<3.13.0a0 *_cpython
  - python_abi 3.12.* *_cp312
  license: MIT
  license_family: MIT
  purls:
  - pkg:pypi/ukkonen?source=hash-mapping
  size: 13605
  timestamp: 1725784243533
- kind: conda
  name: virtualenv
  version: 20.26.6
  build: pyhd8ed1ab_0
  subdir: noarch
  noarch: python
  url: https://conda.anaconda.org/conda-forge/noarch/virtualenv-20.26.6-pyhd8ed1ab_0.conda
  sha256: 23128da47bc0b42b0fef0d41efc10d8ea1fb8232f0846bc4513eeba866f20d13
  md5: a7aa70aa30c47aeb84672621a85a4ef8
  depends:
  - distlib <1,>=0.3.7
  - filelock <4,>=3.12.2
  - platformdirs <5,>=3.9.1
  - python >=3.8
  license: MIT
  purls:
  - pkg:pypi/virtualenv?source=hash-mapping
  size: 4875601
  timestamp: 1727513873376
- kind: conda
  name: xz
  version: 5.2.6
  build: h57fd34a_0
  subdir: osx-arm64
  url: https://conda.anaconda.org/conda-forge/osx-arm64/xz-5.2.6-h57fd34a_0.tar.bz2
  sha256: 59d78af0c3e071021cfe82dc40134c19dab8cdf804324b62940f5c8cd71803ec
  md5: 39c6b54e94014701dd157f4f576ed211
  license: LGPL-2.1 and GPL-2.0
  purls: []
  size: 235693
  timestamp: 1660346961024
- kind: conda
  name: yaml
  version: 0.2.5
  build: h3422bc3_2
  build_number: 2
  subdir: osx-arm64
  url: https://conda.anaconda.org/conda-forge/osx-arm64/yaml-0.2.5-h3422bc3_2.tar.bz2
  sha256: 93181a04ba8cfecfdfb162fc958436d868cc37db504c58078eab4c1a3e57fbb7
  md5: 4bb3f014845110883a3c5ee811fd84b4
  license: MIT
  license_family: MIT
  purls: []
  size: 88016
  timestamp: 1641347076660
